
Microsoft Visual Studio Solution File, Format Version 12.00
# Visual Studio Version 17
VisualStudioVersion = 17.1.32210.238
MinimumVisualStudioVersion = 10.0.40219.1
Project("{FAE04EC0-301F-11D3-BF4B-00C04F79EFBC}") = "assignment 2", "assignment 2\assignment 2.csproj", "{2E376939-61DA-4E11-A528-21766E1329B3}"
EndProject
Global
	GlobalSection(SolutionConfigurationPlatforms) = preSolution
		Debug|Any CPU = Debug|Any CPU
		Release|Any CPU = Release|Any CPU
	EndGlobalSection
	GlobalSection(ProjectConfigurationPlatforms) = postSolution
		{2E376939-61DA-4E11-A528-21766E1329B3}.Debug|Any CPU.ActiveCfg = Debug|Any CPU
		{2E376939-61DA-4E11-A528-21766E1329B3}.Debug|Any CPU.Build.0 = Debug|Any CPU
		{2E376939-61DA-4E11-A528-21766E1329B3}.Release|Any CPU.ActiveCfg = Release|Any CPU
		{2E376939-61DA-4E11-A528-21766E1329B3}.Release|Any CPU.Build.0 = Release|Any CPU
	EndGlobalSection
	GlobalSection(SolutionProperties) = preSolution
		HideSolutionNode = FALSE
	EndGlobalSection
	GlobalSection(ExtensibilityGlobals) = postSolution
		SolutionGuid = {C75F3A78-60EF-4A30-BD00-44B8E9584A3C}
	EndGlobalSection
EndGlobal
