
Microsoft Visual Studio Solution File, Format Version 12.00
# Visual Studio Version 17
VisualStudioVersion = 17.1.32210.238
MinimumVisualStudioVersion = 10.0.40219.1
Project("{FAE04EC0-301F-11D3-BF4B-00C04F79EFBC}") = "quiz01", "quiz01\quiz01.csproj", "{B460E896-CA97-4174-98C8-339720496F10}"
EndProject
Global
	GlobalSection(SolutionConfigurationPlatforms) = preSolution
		Debug|Any CPU = Debug|Any CPU
		Release|Any CPU = Release|Any CPU
	EndGlobalSection
	GlobalSection(ProjectConfigurationPlatforms) = postSolution
		{B460E896-CA97-4174-98C8-339720496F10}.Debug|Any CPU.ActiveCfg = Debug|Any CPU
		{B460E896-CA97-4174-98C8-339720496F10}.Debug|Any CPU.Build.0 = Debug|Any CPU
		{B460E896-CA97-4174-98C8-339720496F10}.Release|Any CPU.ActiveCfg = Release|Any CPU
		{B460E896-CA97-4174-98C8-339720496F10}.Release|Any CPU.Build.0 = Release|Any CPU
	EndGlobalSection
	GlobalSection(SolutionProperties) = preSolution
		HideSolutionNode = FALSE
	EndGlobalSection
	GlobalSection(ExtensibilityGlobals) = postSolution
		SolutionGuid = {C8969460-BB88-4741-BDF0-56E89D1526EA}
	EndGlobalSection
EndGlobal
